
Microsoft Visual Studio Solution File, Format Version 12.00
# Visual Studio Version 17
VisualStudioVersion = 17.9.34714.143
MinimumVisualStudioVersion = 10.0.40219.1
Project("{9A19103F-16F7-4668-BE54-9A1E7A4F7556}") = "ProjetoBilhetesAeronautica", "ProjetoBilhetesAeronautica\ProjetoBilhetesAeronautica.csproj", "{D20D0CF0-207B-4E00-8A3B-62A395923199}"
EndProject
Project("{9A19103F-16F7-4668-BE54-9A1E7A4F7556}") = "Biblioteca", "Biblioteca\Biblioteca.csproj", "{476C989A-0F10-423F-862B-DB994865F783}"
EndProject
Global
	GlobalSection(SolutionConfigurationPlatforms) = preSolution
		Debug|Any CPU = Debug|Any CPU
		Release|Any CPU = Release|Any CPU
	EndGlobalSection
	GlobalSection(ProjectConfigurationPlatforms) = postSolution
		{D20D0CF0-207B-4E00-8A3B-62A395923199}.Debug|Any CPU.ActiveCfg = Debug|Any CPU
		{D20D0CF0-207B-4E00-8A3B-62A395923199}.Debug|Any CPU.Build.0 = Debug|Any CPU
		{D20D0CF0-207B-4E00-8A3B-62A395923199}.Release|Any CPU.ActiveCfg = Release|Any CPU
		{D20D0CF0-207B-4E00-8A3B-62A395923199}.Release|Any CPU.Build.0 = Release|Any CPU
		{476C989A-0F10-423F-862B-DB994865F783}.Debug|Any CPU.ActiveCfg = Debug|Any CPU
		{476C989A-0F10-423F-862B-DB994865F783}.Debug|Any CPU.Build.0 = Debug|Any CPU
		{476C989A-0F10-423F-862B-DB994865F783}.Release|Any CPU.ActiveCfg = Release|Any CPU
		{476C989A-0F10-423F-862B-DB994865F783}.Release|Any CPU.Build.0 = Release|Any CPU
	EndGlobalSection
	GlobalSection(SolutionProperties) = preSolution
		HideSolutionNode = FALSE
	EndGlobalSection
	GlobalSection(ExtensibilityGlobals) = postSolution
		SolutionGuid = {11E2FC91-1DD4-4894-83ED-2ED31CBC68D0}
	EndGlobalSection
EndGlobal
